PODS:
  - AutoCoding (2.2)
  - NSArray+Functional (1.0.0)
  - ReactiveCocoa (2.3.1):
    - ReactiveCocoa/UI (= 2.3.1)
  - ReactiveCocoa/Core (2.3.1):
    - ReactiveCocoa/no-arc
  - ReactiveCocoa/no-arc (2.3.1)
  - ReactiveCocoa/UI (2.3.1):
    - ReactiveCocoa/Core

DEPENDENCIES:
  - AutoCoding
  - NSArray+Functional
  - ReactiveCocoa

SPEC CHECKSUMS:
  AutoCoding: 17baf547ff7ace02b7e802d09e67b3b7419a6a05
  NSArray+Functional: 70450a935ad6cf933f675251311c14385815506d
  ReactiveCocoa: 3fe9b233ca6db810e86681b5749488564c1179a1

PODFILE CHECKSUM: 5d62ee4aba43adac4b4180d99ae61c38f9e54894

COCOAPODS: 1.4.0
