// !$*UTF8*$!
{
	archiveVersion = 1;
	classes = {
	};
	objectVersion = 46;
	objects = {

/* Begin PBXBuildFile section */
		308A62A621A39A158F0DF8D9 /* AppDelegate.m in Sources */ = {isa = PBXBuildFile; fileRef = 308A61785747DE5D84E3C969 /* AppDelegate.m */; };
		308A63B3C8BF457967A0426D /* Images.xcassets in Resources */ = {isa = PBXBuildFile; fileRef = 308A624E138708FBEF3FC6E3 /* Images.xcassets */; };
		308A65DE874D3D1DE2B8F885 /* Controller.m in Sources */ = {isa = PBXBuildFile; fileRef = 308A6F015D7774DFBD8BEE00 /* Controller.m */; };
		308A69939C6EEC9783493247 /* setsoundTests.m in Sources */ = {isa = PBXBuildFile; fileRef = 308A6820267AB2E430A22795 /* setsoundTests.m */; };
		308A6A5C93790CD1A081F14D /* main.m in Sources */ = {isa = PBXBuildFile; fileRef = 308A62895AE7BAA4EE395172 /* main.m */; };
		308A6F9AB70502828D24AA1A /* MainMenu.xib in Resources */ = {isa = PBXBuildFile; fileRef = 308A6D26215E167545852040 /* MainMenu.xib */; };
/* End PBXBuildFile section */

/* Begin PBXContainerItemProxy section */
		308A679E8DE2B0FFFD9FA557 /* PBXContainerItemProxy */ = {
			isa = PBXContainerItemProxy;
			containerPortal = 308A6CC9781C108079DDD871 /* Project object */;
			proxyType = 1;
			remoteGlobalIDString = 308A6C31B13F43455365F5B3;
			remoteInfo = setsound;
		};
/* End PBXContainerItemProxy section */

/* Begin PBXFileReference section */
		308A615A4F9E3C957A2BA63C /* Info.plist */ = {isa = PBXFileReference; lastKnownFileType = text.plist.info; path = Info.plist; sourceTree = "<group>"; };
		308A61785747DE5D84E3C969 /* AppDelegate.m */ = {isa = PBXFileReference; lastKnownFileType = sourcecode.c.objc; path = AppDelegate.m; sourceTree = "<group>"; };
		308A624E138708FBEF3FC6E3 /* Images.xcassets */ = {isa = PBXFileReference; lastKnownFileType = folder.assetcatalog; path = Images.xcassets; sourceTree = "<group>"; };
		308A62895AE7BAA4EE395172 /* main.m */ = {isa = PBXFileReference; lastKnownFileType = sourcecode.c.objc; path = main.m; sourceTree = "<group>"; };
		308A65CDADE9A7E87DD04B8D /* Controller.h */ = {isa = PBXFileReference; fileEncoding = 4; lastKnownFileType = sourcecode.c.h; path = Controller.h; sourceTree = "<group>"; };
		308A6820267AB2E430A22795 /* setsoundTests.m */ = {isa = PBXFileReference; lastKnownFileType = sourcecode.c.objc; path = setsoundTests.m; sourceTree = "<group>"; };
		308A696B5BA76C00D559D0B0 /* AppDelegate.h */ = {isa = PBXFileReference; lastKnownFileType = sourcecode.c.h; path = AppDelegate.h; sourceTree = "<group>"; };
		308A6CDA12681F2DFDFE0FDD /* setsoundTests.xctest */ = {isa = PBXFileReference; explicitFileType = wrapper.cfbundle; includeInIndex = 0; path = setsoundTests.xctest; sourceTree = BUILT_PRODUCTS_DIR; };
		308A6F015D7774DFBD8BEE00 /* Controller.m */ = {isa = PBXFileReference; fileEncoding = 4; lastKnownFileType = sourcecode.c.objc; path = Controller.m; sourceTree = "<group>"; };
		308A6F25CA7F45F6D802BEB9 /* setsound.app */ = {isa = PBXFileReference; explicitFileType = wrapper.application; includeInIndex = 0; path = setsound.app; sourceTree = BUILT_PRODUCTS_DIR; };
		308A6FCA6568D45D5C75BF99 /* Info.plist */ = {isa = PBXFileReference; lastKnownFileType = text.plist.info; path = Info.plist; sourceTree = "<group>"; };
		308A6FF842A8525473647622 /* Base */ = {isa = PBXFileReference; lastKnownFileType = file.xib; name = Base; path = Base.lproj/MainMenu.xib; sourceTree = "<group>"; };
/* End PBXFileReference section */

/* Begin PBXFrameworksBuildPhase section */
		308A625847090E80BE20F61A /* Frameworks */ = {
			isa = PBXFrameworksBuildPhase;
			buildActionMask = 2147483647;
			files = (
			);
			runOnlyForDeploymentPostprocessing = 0;
		};
		308A6666BB776113A0394D73 /* Frameworks */ = {
			isa = PBXFrameworksBuildPhase;
			buildActionMask = 2147483647;
			files = (
			);
			runOnlyForDeploymentPostprocessing = 0;
		};
/* End PBXFrameworksBuildPhase section */

/* Begin PBXGroup section */
		308A60E4807365AE05669B86 /* setsound */ = {
			isa = PBXGroup;
			children = (
				308A6D98B8C97EECCE9E9328 /* Supporting Files */,
				308A624E138708FBEF3FC6E3 /* Images.xcassets */,
				308A6D26215E167545852040 /* MainMenu.xib */,
				308A696B5BA76C00D559D0B0 /* AppDelegate.h */,
				308A61785747DE5D84E3C969 /* AppDelegate.m */,
				308A6F015D7774DFBD8BEE00 /* Controller.m */,
				308A65CDADE9A7E87DD04B8D /* Controller.h */,
			);
			path = setsound;
			sourceTree = "<group>";
		};
		308A613F4FA5FAA36D2EEA00 /* Products */ = {
			isa = PBXGroup;
			children = (
				308A6F25CA7F45F6D802BEB9 /* setsound.app */,
				308A6CDA12681F2DFDFE0FDD /* setsoundTests.xctest */,
			);
			name = Products;
			sourceTree = "<group>";
		};
		308A65D880EB31712D8D88CB /* setsoundTests */ = {
			isa = PBXGroup;
			children = (
				308A6B7C271FF2FD6FD55A26 /* Supporting Files */,
				308A6820267AB2E430A22795 /* setsoundTests.m */,
			);
			path = setsoundTests;
			sourceTree = "<group>";
		};
		308A6A3B9227486BA60A7C92 = {
			isa = PBXGroup;
			children = (
				308A613F4FA5FAA36D2EEA00 /* Products */,
				308A60E4807365AE05669B86 /* setsound */,
				308A65D880EB31712D8D88CB /* setsoundTests */,
			);
			sourceTree = "<group>";
		};
		308A6B7C271FF2FD6FD55A26 /* Supporting Files */ = {
			isa = PBXGroup;
			children = (
				308A6FCA6568D45D5C75BF99 /* Info.plist */,
			);
			name = "Supporting Files";
			sourceTree = "<group>";
		};
		308A6D98B8C97EECCE9E9328 /* Supporting Files */ = {
			isa = PBXGroup;
			children = (
				308A615A4F9E3C957A2BA63C /* Info.plist */,
				308A62895AE7BAA4EE395172 /* main.m */,
			);
			name = "Supporting Files";
			sourceTree = "<group>";
		};
/* End PBXGroup section */

/* Begin PBXNativeTarget section */
		308A6C31B13F43455365F5B3 /* setsound */ = {
			isa = PBXNativeTarget;
			buildConfigurationList = 308A676EC9771983B4FCE1C9 /* Build configuration list for PBXNativeTarget "setsound" */;
			buildPhases = (
				308A6F5C879E6AFAA74ECA3E /* Sources */,
				308A625847090E80BE20F61A /* Frameworks */,
				308A69FBA716E46E0F6E066A /* Resources */,
			);
			buildRules = (
			);
			dependencies = (
			);
			name = setsound;
			productName = setsound;
			productReference = 308A6F25CA7F45F6D802BEB9 /* setsound.app */;
			productType = "com.apple.product-type.application";
		};
		308A6D2804924F60121729DC /* setsoundTests */ = {
			isa = PBXNativeTarget;
			buildConfigurationList = 308A689956EE5ED248A96F25 /* Build configuration list for PBXNativeTarget "setsoundTests" */;
			buildPhases = (
				308A603A7FAB0DF925737C93 /* Sources */,
				308A6666BB776113A0394D73 /* Frameworks */,
				308A664FFC9B05A447DD4A86 /* Resources */,
			);
			buildRules = (
			);
			dependencies = (
				308A60020C9A4409A4E59A16 /* PBXTargetDependency */,
			);
			name = setsoundTests;
			productName = setsoundTests;
			productReference = 308A6CDA12681F2DFDFE0FDD /* setsoundTests.xctest */;
			productType = "com.apple.product-type.bundle.unit-test";
		};
/* End PBXNativeTarget section */

/* Begin PBXProject section */
		308A6CC9781C108079DDD871 /* Project object */ = {
			isa = PBXProject;
			attributes = {
				ORGANIZATIONNAME = Betafunk;
			};
			buildConfigurationList = 308A63E9AD07CB8469B8B3C9 /* Build configuration list for PBXProject "setsound" */;
			compatibilityVersion = "Xcode 3.2";
			developmentRegion = English;
			hasScannedForEncodings = 0;
			knownRegions = (
				en,
			);
			mainGroup = 308A6A3B9227486BA60A7C92;
			productRefGroup = 308A613F4FA5FAA36D2EEA00 /* Products */;
			projectDirPath = "";
			projectRoot = "";
			targets = (
				308A6C31B13F43455365F5B3 /* setsound */,
				308A6D2804924F60121729DC /* setsoundTests */,
			);
		};
/* End PBXProject section */

/* Begin PBXResourcesBuildPhase section */
		308A664FFC9B05A447DD4A86 /* Resources */ = {
			isa = PBXResourcesBuildPhase;
			buildActionMask = 2147483647;
			files = (
			);
			runOnlyForDeploymentPostprocessing = 0;
		};
		308A69FBA716E46E0F6E066A /* Resources */ = {
			isa = PBXResourcesBuildPhase;
			buildActionMask = 2147483647;
			files = (
				308A63B3C8BF457967A0426D /* Images.xcassets in Resources */,
				308A6F9AB70502828D24AA1A /* MainMenu.xib in Resources */,
			);
			runOnlyForDeploymentPostprocessing = 0;
		};
/* End PBXResourcesBuildPhase section */

/* Begin PBXSourcesBuildPhase section */
		308A603A7FAB0DF925737C93 /* Sources */ = {
			isa = PBXSourcesBuildPhase;
			buildActionMask = 2147483647;
			files = (
				308A69939C6EEC9783493247 /* setsoundTests.m in Sources */,
			);
			runOnlyForDeploymentPostprocessing = 0;
		};
		308A6F5C879E6AFAA74ECA3E /* Sources */ = {
			isa = PBXSourcesBuildPhase;
			buildActionMask = 2147483647;
			files = (
				308A6A5C93790CD1A081F14D /* main.m in Sources */,
				308A62A621A39A158F0DF8D9 /* AppDelegate.m in Sources */,
				308A65DE874D3D1DE2B8F885 /* Controller.m in Sources */,
			);
			runOnlyForDeploymentPostprocessing = 0;
		};
/* End PBXSourcesBuildPhase section */

/* Begin PBXTargetDependency section */
		308A60020C9A4409A4E59A16 /* PBXTargetDependency */ = {
			isa = PBXTargetDependency;
			target = 308A6C31B13F43455365F5B3 /* setsound */;
			targetProxy = 308A679E8DE2B0FFFD9FA557 /* PBXContainerItemProxy */;
		};
/* End PBXTargetDependency section */

/* Begin PBXVariantGroup section */
		308A6D26215E167545852040 /* MainMenu.xib */ = {
			isa = PBXVariantGroup;
			children = (
				308A6FF842A8525473647622 /* Base */,
			);
			name = MainMenu.xib;
			sourceTree = "<group>";
		};
/* End PBXVariantGroup section */

/* Begin XCBuildConfiguration section */
		308A6032C1AC09E9A3EEAF82 /* Debug */ = {
			isa = XCBuildConfiguration;
			buildSettings = {
				ASSETCATALOG_COMPILER_APPICON_NAME = AppIcon;
				COMBINE_HIDPI_IMAGES = YES;
				INFOPLIST_FILE = setsound/Info.plist;
				LD_RUNPATH_SEARCH_PATHS = "$(inherited) @executable_path/../Frameworks";
				PRODUCT_NAME = "$(TARGET_NAME)";
			};
			name = Debug;
		};
		308A619061A4633D26E5B306 /* Release */ = {
			isa = XCBuildConfiguration;
			buildSettings = {
				ASSETCATALOG_COMPILER_APPICON_NAME = AppIcon;
				COMBINE_HIDPI_IMAGES = YES;
				INFOPLIST_FILE = setsound/Info.plist;
				LD_RUNPATH_SEARCH_PATHS = "$(inherited) @executable_path/../Frameworks";
				PRODUCT_NAME = "$(TARGET_NAME)";
			};
			name = Release;
		};
		308A61F1EB8AA927C0355D0C /* Debug */ = {
			isa = XCBuildConfiguration;
			buildSettings = {
				BUNDLE_LOADER = "$(BUILT_PRODUCTS_DIR)/setsound.app/Contents/MacOS/setsound";
				COMBINE_HIDPI_IMAGES = YES;
				FRAMEWORK_SEARCH_PATHS = (
					"$(DEVELOPER_FRAMEWORKS_DIR)",
					"$(inherited)",
				);
				INFOPLIST_FILE = setsoundTests/Info.plist;
				LD_RUNPATH_SEARCH_PATHS = "$(inherited) @executable_path/../Frameworks @loader_path/../Frameworks";
				PRODUCT_NAME = "$(TARGET_NAME)";
				TEST_HOST = "$(BUNDLE_LOADER)";
			};
			name = Debug;
		};
		308A65D157D992CD27E194EB /* Release */ = {
			isa = XCBuildConfiguration;
			buildSettings = {
				ALWAYS_SEARCH_USER_PATHS = NO;
				CLANG_CXX_LANGUAGE_STANDARD = "gnu++0x";
				CLANG_CXX_LIBRARY = "libc++";
				CLANG_ENABLE_MODULES = YES;
				CLANG_ENABLE_OBJC_ARC = YES;
				CLANG_WARN_BOOL_CONVERSION = YES;
				CLANG_WARN_CONSTANT_CONVERSION = YES;
				CLANG_WARN_DIRECT_OBJC_ISA_USAGE = YES_ERROR;
				CLANG_WARN_EMPTY_BODY = YES;
				CLANG_WARN_ENUM_CONVERSION = YES;
				CLANG_WARN_INT_CONVERSION = YES;
				CLANG_WARN_OBJC_ROOT_CLASS = YES_ERROR;
				CLANG_WARN_UNREACHABLE_CODE = YES;
				CLANG_WARN__DUPLICATE_METHOD_MATCH = YES;
				CODE_SIGN_IDENTITY = "-";
				COPY_PHASE_STRIP = YES;
				DEBUG_INFORMATION_FORMAT = "dwarf-with-dsym";
				ENABLE_NS_ASSERTIONS = NO;
				ENABLE_STRICT_OBJC_MSGSEND = YES;
				GCC_C_LANGUAGE_STANDARD = gnu99;
				GCC_WARN_64_TO_32_BIT_CONVERSION = YES;
				GCC_WARN_ABOUT_RETURN_TYPE = YES_ERROR;
				GCC_WARN_UNDECLARED_SELECTOR = YES;
				GCC_WARN_UNINITIALIZED_AUTOS = YES_AGGRESSIVE;
				GCC_WARN_UNUSED_FUNCTION = YES;
				GCC_WARN_UNUSED_VARIABLE = YES;
				MACOSX_DEPLOYMENT_TARGET = 10.9;
				MTL_ENABLE_DEBUG_INFO = NO;
				SDKROOT = macosx;
			};
			name = Release;
		};
		308A69A6098D0699FE1F5695 /* Debug */ = {
			isa = XCBuildConfiguration;
			buildSettings = {
				ALWAYS_SEARCH_USER_PATHS = NO;
				CLANG_CXX_LANGUAGE_STANDARD = "gnu++0x";
				CLANG_CXX_LIBRARY = "libc++";
				CLANG_ENABLE_MODULES = YES;
				CLANG_ENABLE_OBJC_ARC = YES;
				CLANG_WARN_BOOL_CONVERSION = YES;
				CLANG_WARN_CONSTANT_CONVERSION = YES;
				CLANG_WARN_DIRECT_OBJC_ISA_USAGE = YES_ERROR;
				CLANG_WARN_EMPTY_BODY = YES;
				CLANG_WARN_ENUM_CONVERSION = YES;
				CLANG_WARN_INT_CONVERSION = YES;
				CLANG_WARN_OBJC_ROOT_CLASS = YES_ERROR;
				CLANG_WARN_UNREACHABLE_CODE = YES;
				CLANG_WARN__DUPLICATE_METHOD_MATCH = YES;
				CODE_SIGN_IDENTITY = "-";
				COPY_PHASE_STRIP = NO;
				ENABLE_STRICT_OBJC_MSGSEND = YES;
				GCC_C_LANGUAGE_STANDARD = gnu99;
				GCC_DYNAMIC_NO_PIC = NO;
				GCC_OPTIMIZATION_LEVEL = 0;
				GCC_PREPROCESSOR_DEFINITIONS = (
					"DEBUG=1",
					"$(inherited)",
				);
				GCC_SYMBOLS_PRIVATE_EXTERN = NO;
				GCC_WARN_64_TO_32_BIT_CONVERSION = YES;
				GCC_WARN_ABOUT_RETURN_TYPE = YES_ERROR;
				GCC_WARN_UNDECLARED_SELECTOR = YES;
				GCC_WARN_UNINITIALIZED_AUTOS = YES_AGGRESSIVE;
				GCC_WARN_UNUSED_FUNCTION = YES;
				GCC_WARN_UNUSED_VARIABLE = YES;
				MACOSX_DEPLOYMENT_TARGET = 10.9;
				MTL_ENABLE_DEBUG_INFO = YES;
				ONLY_ACTIVE_ARCH = YES;
				SDKROOT = macosx;
			};
			name = Debug;
		};
		308A6DE8C0A9B3C2DAEB22AB /* Release */ = {
			isa = XCBuildConfiguration;
			buildSettings = {
				BUNDLE_LOADER = "$(BUILT_PRODUCTS_DIR)/setsound.app/Contents/MacOS/setsound";
				COMBINE_HIDPI_IMAGES = YES;
				FRAMEWORK_SEARCH_PATHS = (
					"$(DEVELOPER_FRAMEWORKS_DIR)",
					"$(inherited)",
				);
				INFOPLIST_FILE = setsoundTests/Info.plist;
				LD_RUNPATH_SEARCH_PATHS = "$(inherited) @executable_path/../Frameworks @loader_path/../Frameworks";
				PRODUCT_NAME = "$(TARGET_NAME)";
				TEST_HOST = "$(BUNDLE_LOADER)";
			};
			name = Release;
		};
/* End XCBuildConfiguration section */

/* Begin XCConfigurationList section */
		308A63E9AD07CB8469B8B3C9 /* Build configuration list for PBXProject "setsound" */ = {
			isa = XCConfigurationList;
			buildConfigurations = (
				308A69A6098D0699FE1F5695 /* Debug */,
				308A65D157D992CD27E194EB /* Release */,
			);
			defaultConfigurationIsVisible = 0;
			defaultConfigurationName = Release;
		};
		308A676EC9771983B4FCE1C9 /* Build configuration list for PBXNativeTarget "setsound" */ = {
			isa = XCConfigurationList;
			buildConfigurations = (
				308A6032C1AC09E9A3EEAF82 /* Debug */,
				308A619061A4633D26E5B306 /* Release */,
			);
			defaultConfigurationIsVisible = 0;
		};
		308A689956EE5ED248A96F25 /* Build configuration list for PBXNativeTarget "setsoundTests" */ = {
			isa = XCConfigurationList;
			buildConfigurations = (
				308A61F1EB8AA927C0355D0C /* Debug */,
				308A6DE8C0A9B3C2DAEB22AB /* Release */,
			);
			defaultConfigurationIsVisible = 0;
		};
/* End XCConfigurationList section */
	};
	rootObject = 308A6CC9781C108079DDD871 /* Project object */;
}
